
Microsoft Visual Studio Solution File, Format Version 12.00
# Visual Studio Version 16
VisualStudioVersion = 16.0.29519.181
MinimumVisualStudioVersion = 10.0.40219.1
Project("{FAE04EC0-301F-11D3-BF4B-00C04F79EFBC}") = "BlazorMaterialDesign", "BlazorMaterialDesign\BlazorMaterialDesign.csproj", "{3F0A0A9B-BE95-4F75-AED7-CCCCFED21557}"
EndProject
Global
	GlobalSection(SolutionConfigurationPlatforms) = preSolution
		Debug|Any CPU = Debug|Any CPU
		Release|Any CPU = Release|Any CPU
	EndGlobalSection
	GlobalSection(ProjectConfigurationPlatforms) = postSolution
		{3F0A0A9B-BE95-4F75-AED7-CCCCFED21557}.Debug|Any CPU.ActiveCfg = Debug|Any CPU
		{3F0A0A9B-BE95-4F75-AED7-CCCCFED21557}.Debug|Any CPU.Build.0 = Debug|Any CPU
		{3F0A0A9B-BE95-4F75-AED7-CCCCFED21557}.Release|Any CPU.ActiveCfg = Release|Any CPU
		{3F0A0A9B-BE95-4F75-AED7-CCCCFED21557}.Release|Any CPU.Build.0 = Release|Any CPU
	EndGlobalSection
	GlobalSection(SolutionProperties) = preSolution
		HideSolutionNode = FALSE
	EndGlobalSection
	GlobalSection(ExtensibilityGlobals) = postSolution
		SolutionGuid = {F0EC30D4-8835-465E-AA9B-2B1D9C465865}
	EndGlobalSection
EndGlobal
